github.com/cbroglie/mustache v1.4.0 h1:Azg0dVhxTml5me+7PsZ7WPrQq1Gkf3WApcHMjMprYoU=
github.com/cbroglie/mustache v1.4.0/go.mod h1:SS1FTIghy0sjse4DUVGV1k/40B1qE1XkD9DtDsHo9iM=
github.com/zendev-sh/goai v0.9.4 h1:g3o9y4LrXQHzmik2yoOGTKqfRhRfokEiyCeBtBycAe0=
github.com/zendev-sh/goai v0.9.4/go.mod h1:F0NPGQu0kzKQOQ0/pWYJ4E3J0EY2TBa+uEvqgOPsSaY=
go.uber.org/goleak v1.3.0 h1:2K3zAYmnTNqV73imy9J1T3WC+gmCePx2hEGkimedGto=
go.uber.org/goleak v1.3.0/go.mod h1:CoHD4mav9JJNrW/WLlf7HGZPjdw8EucARQHekz1X6bE=
